
Microsoft Visual Studio Solution File, Format Version 12.00
# Visual Studio Version 16
VisualStudioVersion = 16.0.31624.102
MinimumVisualStudioVersion = 10.0.40219.1
Project("{FAE04EC0-301F-11D3-BF4B-00C04F79EFBC}") = "Task_01", "Task_01.csproj", "{C6DFA5A9-A83C-4F19-9E6F-1E693194164C}"
EndProject
Project("{FAE04EC0-301F-11D3-BF4B-00C04F79EFBC}") = "Task_01_Tests", "..\Task_01_Tests\Task_01_Tests.csproj", "{C1775D40-3F33-446E-B372-62C9BE84FAF2}"
EndProject
Global
	GlobalSection(SolutionConfigurationPlatforms) = preSolution
		Debug|Any CPU = Debug|Any CPU
		Release|Any CPU = Release|Any CPU
	EndGlobalSection
	GlobalSection(ProjectConfigurationPlatforms) = postSolution
		{C6DFA5A9-A83C-4F19-9E6F-1E693194164C}.Debug|Any CPU.ActiveCfg = Debug|Any CPU
		{C6DFA5A9-A83C-4F19-9E6F-1E693194164C}.Debug|Any CPU.Build.0 = Debug|Any CPU
		{C6DFA5A9-A83C-4F19-9E6F-1E693194164C}.Release|Any CPU.ActiveCfg = Release|Any CPU
		{C6DFA5A9-A83C-4F19-9E6F-1E693194164C}.Release|Any CPU.Build.0 = Release|Any CPU
		{C1775D40-3F33-446E-B372-62C9BE84FAF2}.Debug|Any CPU.ActiveCfg = Debug|Any CPU
		{C1775D40-3F33-446E-B372-62C9BE84FAF2}.Debug|Any CPU.Build.0 = Debug|Any CPU
		{C1775D40-3F33-446E-B372-62C9BE84FAF2}.Release|Any CPU.ActiveCfg = Release|Any CPU
		{C1775D40-3F33-446E-B372-62C9BE84FAF2}.Release|Any CPU.Build.0 = Release|Any CPU
	EndGlobalSection
	GlobalSection(SolutionProperties) = preSolution
		HideSolutionNode = FALSE
	EndGlobalSection
	GlobalSection(ExtensibilityGlobals) = postSolution
		SolutionGuid = {00FB7ABE-A419-4B4C-8EF5-1337F42B7584}
	EndGlobalSection
EndGlobal
